
Microsoft Visual Studio Solution File, Format Version 12.00
# Visual Studio Version 17
VisualStudioVersion = 17.9.34714.143
MinimumVisualStudioVersion = 10.0.40219.1
Project("{8BC9CEB8-8B4A-11D0-8D11-00A0C91BC942}") = "HellowOpenGL", "HellowOpenGL\HellowOpenGL.vcxproj", "{79A3991B-2142-4D1B-AC75-A06C5848A398}"
EndProject
Project("{8BC9CEB8-8B4A-11D0-8D11-00A0C91BC942}") = "RefreshCallBack", "RefreshCallBack\RefreshCallBack.vcxproj", "{34A0088F-9A65-4310-8B13-FC29304D8C01}"
EndProject
Project("{8BC9CEB8-8B4A-11D0-8D11-00A0C91BC942}") = "KeyboardCallBack", "KeyboardCallBack\KeyboardCallBack.vcxproj", "{016BA910-41F4-4DEE-9B05-3F292C4D12E3}"
EndProject
Project("{8BC9CEB8-8B4A-11D0-8D11-00A0C91BC942}") = "ColorChange", "ColorChange\ColorChange.vcxproj", "{E76F1B7B-E4A0-4DD2-B43D-0A1C3834527B}"
EndProject
Global
	GlobalSection(SolutionConfigurationPlatforms) = preSolution
		Debug|x64 = Debug|x64
		Debug|x86 = Debug|x86
		Release|x64 = Release|x64
		Release|x86 = Release|x86
	EndGlobalSection
	GlobalSection(ProjectConfigurationPlatforms) = postSolution
		{79A3991B-2142-4D1B-AC75-A06C5848A398}.Debug|x64.ActiveCfg = Debug|x64
		{79A3991B-2142-4D1B-AC75-A06C5848A398}.Debug|x64.Build.0 = Debug|x64
		{79A3991B-2142-4D1B-AC75-A06C5848A398}.Debug|x86.ActiveCfg = Debug|Win32
		{79A3991B-2142-4D1B-AC75-A06C5848A398}.Debug|x86.Build.0 = Debug|Win32
		{79A3991B-2142-4D1B-AC75-A06C5848A398}.Release|x64.ActiveCfg = Release|x64
		{79A3991B-2142-4D1B-AC75-A06C5848A398}.Release|x64.Build.0 = Release|x64
		{79A3991B-2142-4D1B-AC75-A06C5848A398}.Release|x86.ActiveCfg = Release|Win32
		{79A3991B-2142-4D1B-AC75-A06C5848A398}.Release|x86.Build.0 = Release|Win32
		{34A0088F-9A65-4310-8B13-FC29304D8C01}.Debug|x64.ActiveCfg = Debug|x64
		{34A0088F-9A65-4310-8B13-FC29304D8C01}.Debug|x64.Build.0 = Debug|x64
		{34A0088F-9A65-4310-8B13-FC29304D8C01}.Debug|x86.ActiveCfg = Debug|Win32
		{34A0088F-9A65-4310-8B13-FC29304D8C01}.Debug|x86.Build.0 = Debug|Win32
		{34A0088F-9A65-4310-8B13-FC29304D8C01}.Release|x64.ActiveCfg = Release|x64
		{34A0088F-9A65-4310-8B13-FC29304D8C01}.Release|x64.Build.0 = Release|x64
		{34A0088F-9A65-4310-8B13-FC29304D8C01}.Release|x86.ActiveCfg = Release|Win32
		{34A0088F-9A65-4310-8B13-FC29304D8C01}.Release|x86.Build.0 = Release|Win32
		{016BA910-41F4-4DEE-9B05-3F292C4D12E3}.Debug|x64.ActiveCfg = Debug|x64
		{016BA910-41F4-4DEE-9B05-3F292C4D12E3}.Debug|x64.Build.0 = Debug|x64
		{016BA910-41F4-4DEE-9B05-3F292C4D12E3}.Debug|x86.ActiveCfg = Debug|Win32
		{016BA910-41F4-4DEE-9B05-3F292C4D12E3}.Debug|x86.Build.0 = Debug|Win32
		{016BA910-41F4-4DEE-9B05-3F292C4D12E3}.Release|x64.ActiveCfg = Release|x64
		{016BA910-41F4-4DEE-9B05-3F292C4D12E3}.Release|x64.Build.0 = Release|x64
		{016BA910-41F4-4DEE-9B05-3F292C4D12E3}.Release|x86.ActiveCfg = Release|Win32
		{016BA910-41F4-4DEE-9B05-3F292C4D12E3}.Release|x86.Build.0 = Release|Win32
		{E76F1B7B-E4A0-4DD2-B43D-0A1C3834527B}.Debug|x64.ActiveCfg = Debug|x64
		{E76F1B7B-E4A0-4DD2-B43D-0A1C3834527B}.Debug|x64.Build.0 = Debug|x64
		{E76F1B7B-E4A0-4DD2-B43D-0A1C3834527B}.Debug|x86.ActiveCfg = Debug|Win32
		{E76F1B7B-E4A0-4DD2-B43D-0A1C3834527B}.Debug|x86.Build.0 = Debug|Win32
		{E76F1B7B-E4A0-4DD2-B43D-0A1C3834527B}.Release|x64.ActiveCfg = Release|x64
		{E76F1B7B-E4A0-4DD2-B43D-0A1C3834527B}.Release|x64.Build.0 = Release|x64
		{E76F1B7B-E4A0-4DD2-B43D-0A1C3834527B}.Release|x86.ActiveCfg = Release|Win32
		{E76F1B7B-E4A0-4DD2-B43D-0A1C3834527B}.Release|x86.Build.0 = Release|Win32
	EndGlobalSection
	GlobalSection(SolutionProperties) = preSolution
		HideSolutionNode = FALSE
	EndGlobalSection
	GlobalSection(ExtensibilityGlobals) = postSolution
		SolutionGuid = {2623E66C-AE4E-4E26-8416-84FE1B64D98D}
	EndGlobalSection
EndGlobal
